
Microsoft Visual Studio Solution File, Format Version 12.00
# Visual Studio Version 17
VisualStudioVersion = 17.7.34024.191
MinimumVisualStudioVersion = 10.0.40219.1
Project("{FAE04EC0-301F-11D3-BF4B-00C04F79EFBC}") = "MVCWebdemo", "MVCWebdemo.csproj", "{AC3320CF-4C8A-4F38-B42D-F48934DB818E}"
EndProject
Global
	GlobalSection(SolutionConfigurationPlatforms) = preSolution
		Debug|Any CPU = Debug|Any CPU
		Release|Any CPU = Release|Any CPU
	EndGlobalSection
	GlobalSection(ProjectConfigurationPlatforms) = postSolution
		{AC3320CF-4C8A-4F38-B42D-F48934DB818E}.Debug|Any CPU.ActiveCfg = Debug|Any CPU
		{AC3320CF-4C8A-4F38-B42D-F48934DB818E}.Debug|Any CPU.Build.0 = Debug|Any CPU
		{AC3320CF-4C8A-4F38-B42D-F48934DB818E}.Release|Any CPU.ActiveCfg = Release|Any CPU
		{AC3320CF-4C8A-4F38-B42D-F48934DB818E}.Release|Any CPU.Build.0 = Release|Any CPU
	EndGlobalSection
	GlobalSection(SolutionProperties) = preSolution
		HideSolutionNode = FALSE
	EndGlobalSection
	GlobalSection(ExtensibilityGlobals) = postSolution
		SolutionGuid = {DEE40452-1DF5-4FCE-9DE2-D089DC74732A}
	EndGlobalSection
EndGlobal
