
Microsoft Visual Studio Solution File, Format Version 12.00
# Visual Studio Version 17
VisualStudioVersion = 17.7.34024.191
MinimumVisualStudioVersion = 10.0.40219.1
Project("{FAE04EC0-301F-11D3-BF4B-00C04F79EFBC}") = "ForeignEducationalConsultingSystemBhavani11", "ForeignEducationalConsultingSystemBhavani11.csproj", "{E0742DEC-0E6E-4DAF-8FA6-38AC9D2B71B9}"
EndProject
Global
	GlobalSection(SolutionConfigurationPlatforms) = preSolution
		Debug|Any CPU = Debug|Any CPU
		Release|Any CPU = Release|Any CPU
	EndGlobalSection
	GlobalSection(ProjectConfigurationPlatforms) = postSolution
		{E0742DEC-0E6E-4DAF-8FA6-38AC9D2B71B9}.Debug|Any CPU.ActiveCfg = Debug|Any CPU
		{E0742DEC-0E6E-4DAF-8FA6-38AC9D2B71B9}.Debug|Any CPU.Build.0 = Debug|Any CPU
		{E0742DEC-0E6E-4DAF-8FA6-38AC9D2B71B9}.Release|Any CPU.ActiveCfg = Release|Any CPU
		{E0742DEC-0E6E-4DAF-8FA6-38AC9D2B71B9}.Release|Any CPU.Build.0 = Release|Any CPU
	EndGlobalSection
	GlobalSection(SolutionProperties) = preSolution
		HideSolutionNode = FALSE
	EndGlobalSection
	GlobalSection(ExtensibilityGlobals) = postSolution
		SolutionGuid = {A3B2F81D-CE74-40F1-8D65-7F5561B9F4BD}
	EndGlobalSection
EndGlobal
